{
  "name": "ExtendedStatsServerlessDownloader",
  "version": "0.4.0",
  "lockfileVersion": 3,
  "requires": true,
  "packages": {
    "": {
      "name": "ExtendedStatsServerlessDownloader",
      "version": "0.4.0",
      "dependencies": {
        "@aws-sdk/client-cloudformation": "^3.1014.0",
        "@aws-sdk/client-cloudwatch-logs": "^3.1014.0",
        "@aws-sdk/client-lambda": "^3.1014.0",
        "@aws-sdk/client-s3": "^3.1014.0",
        "@aws-sdk/client-secrets-manager": "^3.1014.0",
        "@aws-sdk/client-sns": "^3.1014.0",
        "@aws-sdk/client-sqs": "^3.1014.0",
        "@aws-sdk/client-ssm": "^3.1014.0",
        "@aws/durable-execution-sdk-js": "^2.3.1",
        "extstats-core": "file:../../repo/extstats-core-2.0.1.tgz",
        "fast-xml-parser": "^5.3.2",
        "lodash-es": "^4.17.21",
        "xml2js": "^0.6.2",
        "xml2js-es6-promise": "^1.1.1"
      },
      "devDependencies": {
        "@aws-sdk/types": "^3.974.5",
        "@tsconfig/node-ts": "^23.6.1",
        "@types/async": "^3.2.25",
        "@types/aws-lambda": "^8.10.150",
        "@types/lodash": "^4.17.20",
        "@types/lodash-es": "^4.17.12",
        "@types/node": "^24.3.0",
        "@types/xml2js": "^0.4.14",
        "aws-cdk-lib": "^2.268.0",
        "constructs": "^10.8.1",
        "ts-node": "^10.9.2",
        "typescript": "^5.9.2"
      }
    },
    "node_modules/@aws-cdk/asset-awscli-v1": {
      "version": "2.2.292",
      "resolved": "https://registry.npmjs.org/@aws-cdk/asset-awscli-v1/-/asset-awscli-v1-2.2.292.tgz",
      "integrity": "sha512-d4aMFsAFj19FtxVyw8IzlUKv5Zu4sIvgnEjI2IU6IWBJgVbJ4aFnadANqYa+6MwB1CQbGOg0jh8WE77M+Nb/9A==",
      "dev": true,
      "license": "Apache-2.0"
    },
    "node_modules/@aws-cdk/asset-node-proxy-agent-v6": {
      "version": "2.1.2",
      "resolved": "https://registry.npmjs.org/@aws-cdk/asset-node-proxy-agent-v6/-/asset-node-proxy-agent-v6-2.1.2.tgz",
      "integrity": "sha512-pDiuqH+qY3zM9lhhLjbKJ1tnKOHzQ2V4Wr/3qsxyKeKAkuPMI/BVGvZG1PbrikUw949cGVTfVEt4ETKKYnrj0Q==",
      "dev": true,
      "license": "Apache-2.0"
    },
    "node_modules/@aws-cdk/cloud-assembly-schema": {
      "version": "54.22.0",
      "resolved": "https://registry.npmjs.org/@aws-cdk/cloud-assembly-schema/-/cloud-assembly-schema-54.22.0.tgz",
      "integrity": "sha512-vsOuFw4+UC5+m2YZLhCecxt6wibIOmXCszA4uXaBcde2tZWx06vp1z5ByHnJeLS83A11XpAkW/TiIBGCL6jxuQ==",
      "bundleDependencies": [
        "jsonschema",
        "semver"
      ],
      "dev": true,
      "license": "Apache-2.0",
      "dependencies": {
        "jsonschema": "^1.5.0",
        "semver": "^7.8.5"
      },
      "engines": {
        "node": ">= 18.0.0"
      }
    },
    "node_modules/@aws-cdk/cloud-assembly-schema/node_modules/jsonschema": {
      "version": "1.5.0",
      "dev": true,
      "inBundle": true,
      "license": "MIT",
      "engines": {
        "node": "*"
      }
    },
    "node_modules/@aws-cdk/cloud-assembly-schema/node_modules/semver": {
      "version": "7.8.5",
      "dev": true,
      "inBundle": true,
      "license": "ISC",
      "bin": {
        "semver": "bin/semver.js"
      },
      "engines": {
        "node": ">=10"
      }
    },
    "node_modules/@aws-sdk/checksums": {
      "version": "3.1000.29",
      "resolved": "https://registry.npmjs.org/@aws-sdk/checksums/-/checksums-3.1000.29.tgz",
      "integrity": "sha512-Dtu0gr4dnATZAPwEYbpCsG+MpLM7OAliy2gTepEFQwl1vZ6DL3QMH2FveMa3HLvPsOdhJsPRB3KtxVhph9T75A==",
      "license": "Apache-2.0",
      "dependencies": {
        "@aws-sdk/core": "^3.977.9",
        "@aws-sdk/types": "^3.974.5",
        "@smithy/core": "^3.33.3",
        "@smithy/types": "^4.17.2",
        "tslib": "^2.6.2"
      },
      "engines": {
        "node": ">=20.0.0"
      }
    },
    "node_modules/@aws-sdk/client-cloudformation": {
      "version": "3.1127.0",
      "resolved": "https://registry.npmjs.org/@aws-sdk/client-cloudformation/-/client-cloudformation-3.1127.0.tgz",
      "integrity": "sha512-uWYCvCTWlIq5Q2WAmL0Zm1N0XjcBV2F1ayVUNXCIFOy5ldb4LxZqA6KGexSKPN+S6GE/RduCe28RkIQlbNUwxw==",
      "license": "Apache-2.0",
      "dependencies": {
        "@aws-sdk/core": "^3.977.9",
        "@aws-sdk/credential-provider-node": "^3.972.82",
        "@aws-sdk/types": "^3.974.5",
        "@smithy/core": "^3.33.3",
        "@smithy/fetch-http-handler": "^5.7.2",
        "@smithy/node-http-handler": "^4.11.3",
        "@smithy/types": "^4.17.2",
        "tslib": "^2.6.2"
      },
      "engines": {
        "node": ">=20.0.0"
      }
    },
    "node_modules/@aws-sdk/client-cloudwatch-logs": {
      "version": "3.1127.0",
      "resolved": "https://registry.npmjs.org/@aws-sdk/client-cloudwatch-logs/-/client-cloudwatch-logs-3.1127.0.tgz",
      "integrity": "sha512-BhRRVPLSEAQ3Yep8izRyVaMfHk1inNHm1C4txBWoJQYDVE/EX/SAIxtnpaF9KZYZzgBn8l7CBXC616435E2vlw==",
      "license": "Apache-2.0",
      "dependencies": {
        "@aws-sdk/core": "^3.977.9",
        "@aws-sdk/credential-provider-node": "^3.972.82",
        "@aws-sdk/types": "^3.974.5",
        "@smithy/core": "^3.33.3",
        "@smithy/fetch-http-handler": "^5.7.2",
        "@smithy/node-http-handler": "^4.11.3",
        "@smithy/types": "^4.17.2",
        "tslib": "^2.6.2"
      },
      "engines": {
        "node": ">=20.0.0"
      }
    },
    "node_modules/@aws-sdk/client-lambda": {
      "version": "3.1127.0",
      "resolved": "https://registry.npmjs.org/@aws-sdk/client-lambda/-/client-lambda-3.1127.0.tgz",
      "integrity": "sha512-fyfvc2mtIz9Wrb7ThJWhSb2fa5GFafMM1H9kzUR69wZ7U8woW+9RNjpTT2gVYpyiMT5JkcNyjAZDvlOzswYbig==",
      "license": "Apache-2.0",
      "dependencies": {
        "@aws-sdk/core": "^3.977.9",
        "@aws-sdk/credential-provider-node": "^3.972.82",
        "@aws-sdk/types": "^3.974.5",
        "@smithy/core": "^3.33.3",
        "@smithy/fetch-http-handler": "^5.7.2",
        "@smithy/node-http-handler": "^4.11.3",
        "@smithy/types": "^4.17.2",
        "tslib": "^2.6.2"
      },
      "engines": {
        "node": ">=20.0.0"
      }
    },
    "node_modules/@aws-sdk/client-s3": {
      "version": "3.1127.0",
      "resolved": "https://registry.npmjs.org/@aws-sdk/client-s3/-/client-s3-3.1127.0.tgz",
      "integrity": "sha512-0ZSAgmEda33xPqVPt+bx2KzrXV1cUCKRRVPGliLu+V7DzHPa04CqPSi1maGEM4O0LDP0iI6HRSW5ULloNwayNw==",
      "license": "Apache-2.0",
      "dependencies": {
        "@aws-sdk/checksums": "^3.1000.29",
        "@aws-sdk/core": "^3.977.9",
        "@aws-sdk/credential-provider-node": "^3.972.82",
        "@aws-sdk/middleware-sdk-s3": "^3.972.75",
        "@aws-sdk/signature-v4-multi-region": "^3.996.46",
        "@aws-sdk/types": "^3.974.5",
        "@smithy/core": "^3.33.3",
        "@smithy/fetch-http-handler": "^5.7.2",
        "@smithy/node-http-handler": "^4.11.3",
        "@smithy/types": "^4.17.2",
        "tslib": "^2.6.2"
      },
      "engines": {
        "node": ">=20.0.0"
      }
    },
    "node_modules/@aws-sdk/client-secrets-manager": {
      "version": "3.1127.0",
      "resolved": "https://registry.npmjs.org/@aws-sdk/client-secrets-manager/-/client-secrets-manager-3.1127.0.tgz",
      "integrity": "sha512-sgTX/mZ0kYrFukwm238T5OyRKT3QxUS9VdSl4iD8pu9vyZxS+PpZgASCdTJoRvdv99NPOvEaXcQ1ecsCjnqNug==",
      "license": "Apache-2.0",
      "dependencies": {
        "@aws-sdk/core": "^3.977.9",
        "@aws-sdk/credential-provider-node": "^3.972.82",
        "@aws-sdk/types": "^3.974.5",
        "@smithy/core": "^3.33.3",
        "@smithy/fetch-http-handler": "^5.7.2",
        "@smithy/node-http-handler": "^4.11.3",
        "@smithy/types": "^4.17.2",
        "tslib": "^2.6.2"
      },
      "engines": {
        "node": ">=20.0.0"
      }
    },
    "node_modules/@aws-sdk/client-sns": {
      "version": "3.1127.0",
      "resolved": "https://registry.npmjs.org/@aws-sdk/client-sns/-/client-sns-3.1127.0.tgz",
      "integrity": "sha512-Wmz/4JL160rllKkyJYiyBa1kp5JKxxgE487b3FZxfA6aJLEG80Anq3xMmAkdUKfwDUlRvlFCRuFTfL2eduIVCg==",
      "license": "Apache-2.0",
      "dependencies": {
        "@aws-sdk/core": "^3.977.9",
        "@aws-sdk/credential-provider-node": "^3.972.82",
        "@aws-sdk/types": "^3.974.5",
        "@smithy/core": "^3.33.3",
        "@smithy/fetch-http-handler": "^5.7.2",
        "@smithy/node-http-handler": "^4.11.3",
        "@smithy/types": "^4.17.2",
        "tslib": "^2.6.2"
      },
      "engines": {
        "node": ">=20.0.0"
      }
    },
    "node_modules/@aws-sdk/client-sqs": {
      "version": "3.1127.0",
      "resolved": "https://registry.npmjs.org/@aws-sdk/client-sqs/-/client-sqs-3.1127.0.tgz",
      "integrity": "sha512-M0CQ5fy/jDuK6kcUBVOpciqm4rjiSR1AEKGt875EcbSjGmDccTU8V8YDbEmWNcJlJnZTaRawj+WLREe4MTYKcQ==",
      "license": "Apache-2.0",
      "dependencies": {
        "@aws-sdk/core": "^3.977.9",
        "@aws-sdk/credential-provider-node": "^3.972.82",
        "@aws-sdk/middleware-sdk-sqs": "^3.972.42",
        "@aws-sdk/types": "^3.974.5",
        "@smithy/core": "^3.33.3",
        "@smithy/fetch-http-handler": "^5.7.2",
        "@smithy/node-http-handler": "^4.11.3",
        "@smithy/types": "^4.17.2",
        "tslib": "^2.6.2"
      },
      "engines": {
        "node": ">=20.0.0"
      }
    },
    "node_modules/@aws-sdk/client-ssm": {
      "version": "3.1127.0",
      "resolved": "https://registry.npmjs.org/@aws-sdk/client-ssm/-/client-ssm-3.1127.0.tgz",
      "integrity": "sha512-EVjNFjN68RiOv8vLEjkQ22g3PPFwI6JiuRhkWmD+xHVVmWlcgUr9DMueU6fRwql53CJu9Gl6h4EByzsyXKfgrw==",
      "license": "Apache-2.0",
      "dependencies": {
        "@aws-sdk/core": "^3.977.9",
        "@aws-sdk/credential-provider-node": "^3.972.82",
        "@aws-sdk/types": "^3.974.5",
        "@smithy/core": "^3.33.3",
        "@smithy/fetch-http-handler": "^5.7.2",
        "@smithy/node-http-handler": "^4.11.3",
        "@smithy/types": "^4.17.2",
        "tslib": "^2.6.2"
      },
      "engines": {
        "node": ">=20.0.0"
      }
    },
    "node_modules/@aws-sdk/core": {
      "version": "3.977.9",
      "resolved": "https://registry.npmjs.org/@aws-sdk/core/-/core-3.977.9.tgz",
      "integrity": "sha512-reqPFEQrZxDZpeGj4PFMepBeR5LGYHRqq/L0motTzgFkCRBA4rFdaVXDSLYyGHhxVz7sT2PDnPN9CluGSfgyJA==",
      "license": "Apache-2.0",
      "dependencies": {
        "@aws-sdk/types": "^3.974.5",
        "@aws-sdk/xml-builder": "^3.972.40",
        "@aws/lambda-invoke-store": "^0.3.0",
        "@smithy/core": "^3.33.3",
        "@smithy/signature-v4": "^5.6.12",
        "@smithy/types": "^4.17.2",
        "bowser": "^2.11.0",
        "tslib": "^2.6.2"
      },
      "engines": {
        "node": ">=20.0.0"
      }
    },
    "node_modules/@aws-sdk/credential-provider-env": {
      "version": "3.972.70",
      "resolved": "https://registry.npmjs.org/@aws-sdk/credential-provider-env/-/credential-provider-env-3.972.70.tgz",
      "integrity": "sha512-H404B7dJl2mCrBqahDEYsanB0xhdDp6tXnXcTUnXmmpy2Q3J0Ho0bUajZ2jr/RdwzCyS59Gi8xXIFwPLGBl6Uw==",
      "license": "Apache-2.0",
      "dependencies": {
        "@aws-sdk/core": "^3.977.9",
        "@aws-sdk/types": "^3.974.5",
        "@smithy/core": "^3.33.3",
        "@smithy/types": "^4.17.2",
        "tslib": "^2.6.2"
      },
      "engines": {
        "node": ">=20.0.0"
      }
    },
    "node_modules/@aws-sdk/credential-provider-http": {
      "version": "3.972.72",
      "resolved": "https://registry.npmjs.org/@aws-sdk/credential-provider-http/-/credential-provider-http-3.972.72.tgz",
      "integrity": "sha512-X98zYOrVOeuosCX+6ktf29FC2N2GHPLia7qv6mzPzTc+RPAuHWCDS++Z6JK7eGYqb/v6uaW7bAXaOvDBfol+0w==",
      "license": "Apache-2.0",
      "dependencies": {
        "@aws-sdk/core": "^3.977.9",
        "@aws-sdk/types": "^3.974.5",
        "@smithy/core": "^3.33.3",
        "@smithy/fetch-http-handler": "^5.7.2",
        "@smithy/node-http-handler": "^4.11.3",
        "@smithy/types": "^4.17.2",
        "tslib": "^2.6.2"
      },
      "engines": {
        "node": ">=20.0.0"
      }
    },
    "node_modules/@aws-sdk/credential-provider-ini": {
      "version": "3.973.15",
      "resolved": "https://registry.npmjs.org/@aws-sdk/credential-provider-ini/-/credential-provider-ini-3.973.15.tgz",
      "integrity": "sha512-Rykg6s5ceBuynMOGWgoowO4N+27JfnqXAnVaSunZl0hOO1XodSrxGNz6sCEbnmS0lAfQZDKyb3fbr46gSuv6Sg==",
      "license": "Apache-2.0",
      "dependencies": {
        "@aws-sdk/core": "^3.977.9",
        "@aws-sdk/credential-provider-env": "^3.972.70",
        "@aws-sdk/credential-provider-http": "^3.972.72",
        "@aws-sdk/credential-provider-login": "^3.972.77",
        "@aws-sdk/credential-provider-process": "^3.972.70",
        "@aws-sdk/credential-provider-sso": "^3.973.14",
        "@aws-sdk/credential-provider-web-identity": "^3.972.76",
        "@aws-sdk/nested-clients": "^3.997.44",
        "@aws-sdk/types": "^3.974.5",
        "@smithy/core": "^3.33.3",
        "@smithy/credential-provider-imds": "^4.4.16",
        "@smithy/types": "^4.17.2",
        "tslib": "^2.6.2"
      },
      "engines": {
        "node": ">=20.0.0"
      }
    },
    "node_modules/@aws-sdk/credential-provider-login": {
      "version": "3.972.77",
      "resolved": "https://registry.npmjs.org/@aws-sdk/credential-provider-login/-/credential-provider-login-3.972.77.tgz",
      "integrity": "sha512-Jb59xfEISoN5mmbnA+HYqdtrSX3CgCtJoof+V5D8/TgUI56W63GEEd5Y58WijU3Ou6+WEgaLD1feVzaRXV5IDQ==",
      "license": "Apache-2.0",
      "dependencies": {
        "@aws-sdk/core": "^3.977.9",
        "@aws-sdk/nested-clients": "^3.997.44",
        "@aws-sdk/types": "^3.974.5",
        "@smithy/core": "^3.33.3",
        "@smithy/types": "^4.17.2",
        "tslib": "^2.6.2"
      },
      "engines": {
        "node": ">=20.0.0"
      }
    },
    "node_modules/@aws-sdk/credential-provider-node": {
      "version": "3.972.82",
      "resolved": "https://registry.npmjs.org/@aws-sdk/credential-provider-node/-/credential-provider-node-3.972.82.tgz",
      "integrity": "sha512-znDkEOGXB8W3kG1LJUKP3foBZY/9qLM0eil/DxWXSp37XsdsRLQHE/d/OaCGGVgKpA6znR38h/+INk8do1FjiA==",
      "license": "Apache-2.0",
      "dependencies": {
        "@aws-sdk/credential-provider-env": "^3.972.70",
        "@aws-sdk/credential-provider-http": "^3.972.72",
        "@aws-sdk/credential-provider-ini": "^3.973.15",
        "@aws-sdk/credential-provider-process": "^3.972.70",
        "@aws-sdk/credential-provider-sso": "^3.973.14",
        "@aws-sdk/credential-provider-web-identity": "^3.972.76",
        "@aws-sdk/types": "^3.974.5",
        "@smithy/core": "^3.33.3",
        "@smithy/credential-provider-imds": "^4.4.16",
        "@smithy/types": "^4.17.2",
        "tslib": "^2.6.2"
      },
      "engines": {
        "node": ">=20.0.0"
      }
    },
    "node_modules/@aws-sdk/credential-provider-process": {
      "version": "3.972.70",
      "resolved": "https://registry.npmjs.org/@aws-sdk/credential-provider-process/-/credential-provider-process-3.972.70.tgz",
      "integrity": "sha512-2ry03fGRJr4sV3jI+ocjj5JqALnFD6ymM5KiNCDZMvq8bX2GSbE0vji4aM43TVCl2nXqqLRZaUxdq/KeWRAY4Q==",
      "license": "Apache-2.0",
      "dependencies": {
        "@aws-sdk/core": "^3.977.9",
        "@aws-sdk/types": "^3.974.5",
        "@smithy/core": "^3.33.3",
        "@smithy/types": "^4.17.2",
        "tslib": "^2.6.2"
      },
      "engines": {
        "node": ">=20.0.0"
      }
    },
    "node_modules/@aws-sdk/credential-provider-sso": {
      "version": "3.973.14",
      "resolved": "https://registry.npmjs.org/@aws-sdk/credential-provider-sso/-/credential-provider-sso-3.973.14.tgz",
      "integrity": "sha512-jkhg/8ocAAoc0RFyLMhCw+/zZh7gystQgd4F4hznNa8P4Cc501PQmxd+jGLiMHodPJ+7Zv/3znM62gZojyasmA==",
      "license": "Apache-2.0",
      "dependencies": {
        "@aws-sdk/core": "^3.977.9",
        "@aws-sdk/nested-clients": "^3.997.44",
        "@aws-sdk/token-providers": "3.1116.0",
        "@aws-sdk/types": "^3.974.5",
        "@smithy/core": "^3.33.3",
        "@smithy/types": "^4.17.2",
        "tslib": "^2.6.2"
      },
      "engines": {
        "node": ">=20.0.0"
      }
    },
    "node_modules/@aws-sdk/credential-provider-web-identity": {
      "version": "3.972.76",
      "resolved": "https://registry.npmjs.org/@aws-sdk/credential-provider-web-identity/-/credential-provider-web-identity-3.972.76.tgz",
      "integrity": "sha512-d3AGyVu759PGr35mEB2s22xxlNEA5rpdxtSPJthfPFJvoQ8dt357iVPECqWfUxXp1toJAvKmbtcIYVGigaGsCA==",
      "license": "Apache-2.0",
      "dependencies": {
        "@aws-sdk/core": "^3.977.9",
        "@aws-sdk/nested-clients": "^3.997.44",
        "@aws-sdk/types": "^3.974.5",
        "@smithy/core": "^3.33.3",
        "@smithy/types": "^4.17.2",
        "tslib": "^2.6.2"
      },
      "engines": {
        "node": ">=20.0.0"
      }
    },
    "node_modules/@aws-sdk/middleware-sdk-s3": {
      "version": "3.972.75",
      "resolved": "https://registry.npmjs.org/@aws-sdk/middleware-sdk-s3/-/middleware-sdk-s3-3.972.75.tgz",
      "integrity": "sha512-wMIsNumRVKaNMKhvU/s9VrdEwE8S6gSzXp4RygFG5BEMnGkkXf8cjh8zf7cKJBpUDpqTWqwbz5isEgp9rH6Lng==",
      "license": "Apache-2.0",
      "dependencies": {
        "@aws-sdk/core": "^3.977.9",
        "@aws-sdk/signature-v4-multi-region": "^3.996.46",
        "@aws-sdk/types": "^3.974.5",
        "@smithy/core": "^3.33.3",
        "@smithy/types": "^4.17.2",
        "tslib": "^2.6.2"
      },
      "engines": {
        "node": ">=20.0.0"
      }
    },
    "node_modules/@aws-sdk/middleware-sdk-sqs": {
      "version": "3.972.42",
      "resolved": "https://registry.npmjs.org/@aws-sdk/middleware-sdk-sqs/-/middleware-sdk-sqs-3.972.42.tgz",
      "integrity": "sha512-D/O6iHAqlm0b430vIGewanSsr5RzaWbSDFlHYdKLWlZb4kaMKBmb44ReNHAFEKj5tNRY8pysw0qfciosB/VcJg==",
      "license": "Apache-2.0",
      "dependencies": {
        "@aws-sdk/types": "^3.974.5",
        "@smithy/core": "^3.33.3",
        "@smithy/types": "^4.17.2",
        "tslib": "^2.6.2"
      },
      "engines": {
        "node": ">=20.0.0"
      }
    },
    "node_modules/@aws-sdk/nested-clients": {
      "version": "3.997.44",
      "resolved": "https://registry.npmjs.org/@aws-sdk/nested-clients/-/nested-clients-3.997.44.tgz",
      "integrity": "sha512-NhEgryjlBF9w38ZXqGymQV28IhkYa1mKhlbYnqIis57AYwWGVYfUPgg/qC2rLRqOUfblxx++irvju10kVTa8Vw==",
      "license": "Apache-2.0",
      "dependencies": {
        "@aws-sdk/core": "^3.977.9",
        "@aws-sdk/signature-v4-multi-region": "^3.996.46",
        "@aws-sdk/types": "^3.974.5",
        "@smithy/core": "^3.33.3",
        "@smithy/fetch-http-handler": "^5.7.2",
        "@smithy/node-http-handler": "^4.11.3",
        "@smithy/types": "^4.17.2",
        "tslib": "^2.6.2"
      },
      "engines": {
        "node": ">=20.0.0"
      }
    },
    "node_modules/@aws-sdk/signature-v4-multi-region": {
      "version": "3.996.46",
      "resolved": "https://registry.npmjs.org/@aws-sdk/signature-v4-multi-region/-/signature-v4-multi-region-3.996.46.tgz",
      "integrity": "sha512-L+2xZTye/2T96f3lwCws0Zw6GG2JHZW9e8FpVgGBeeExSKyeoZ6CWRpBml/7DNiK/O26jrgPM9F+Ay8VkgzUWQ==",
      "license": "Apache-2.0",
      "dependencies": {
        "@aws-sdk/types": "^3.974.5",
        "@smithy/signature-v4": "^5.6.12",
        "@smithy/types": "^4.17.2",
        "tslib": "^2.6.2"
      },
      "engines": {
        "node": ">=20.0.0"
      }
    },
    "node_modules/@aws-sdk/token-providers": {
      "version": "3.1116.0",
      "resolved": "https://registry.npmjs.org/@aws-sdk/token-providers/-/token-providers-3.1116.0.tgz",
      "integrity": "sha512-ygIivKqh8aHzNkucOCXHyIBgBpLPfrSI0mCqXF+vLBsPTUKqj0VSqAY0GFPe7lQl4HntjOcQ+KSyS7oUV2C54Q==",
      "license": "Apache-2.0",
      "dependencies": {
        "@aws-sdk/core": "^3.977.9",
        "@aws-sdk/nested-clients": "^3.997.44",
        "@aws-sdk/types": "^3.974.5",
        "@smithy/core": "^3.33.3",
        "@smithy/types": "^4.17.2",
        "tslib": "^2.6.2"
      },
      "engines": {
        "node": ">=20.0.0"
      }
    },
    "node_modules/@aws-sdk/types": {
      "version": "3.974.5",
      "resolved": "https://registry.npmjs.org/@aws-sdk/types/-/types-3.974.5.tgz",
      "integrity": "sha512-LkwLL2BLbC6wNNm4JaH9mbEqBMdOZCct6VAYqhdN4U1xrWM+fUJQEfbHwQgDypapOWTRtlk25akb5afM0P8CIQ==",
      "license": "Apache-2.0",
      "dependencies": {
        "@smithy/types": "^4.17.2",
        "tslib": "^2.6.2"
      },
      "engines": {
        "node": ">=20.0.0"
      }
    },
    "node_modules/@aws-sdk/xml-builder": {
      "version": "3.972.40",
      "resolved": "https://registry.npmjs.org/@aws-sdk/xml-builder/-/xml-builder-3.972.40.tgz",
      "integrity": "sha512-wlFmCIGUlwF4zx/kncw+bmxTQh1HeSJq4mYV/V5cZUSJadDP3kXvGW8Rn21cimj/7y9ju+47oYWXi97vF7czaA==",
      "license": "Apache-2.0",
      "dependencies": {
        "@smithy/types": "^4.17.2",
        "tslib": "^2.6.2"
      },
      "engines": {
        "node": ">=20.0.0"
      }
    },
    "node_modules/@aws/durable-execution-sdk-js": {
      "version": "2.3.1",
      "resolved": "https://registry.npmjs.org/@aws/durable-execution-sdk-js/-/durable-execution-sdk-js-2.3.1.tgz",
      "integrity": "sha512-OQGQOK9C1sg7skqZyWhJyVOlc5NuohmJ1mWrSCerVIvWlUG9/uriKgIpR4oOY+fKHs3jOwC2Ryu1cCL1dZABbQ==",
      "license": "Apache-2.0",
      "dependencies": {
        "@aws-sdk/client-lambda": "^3.1014.0"
      },
      "engines": {
        "node": ">=22"
      }
    },
    "node_modules/@aws/lambda-invoke-store": {
      "version": "0.3.0",
      "resolved": "https://registry.npmjs.org/@aws/lambda-invoke-store/-/lambda-invoke-store-0.3.0.tgz",
      "integrity": "sha512-sl4Bm6yiMNYrZKkqqDFWN0UfnWhlS8ivKxrYl+6t0gCLrqr8y3B2IqZZbFRkfaVVp7C/baApyh71P+LeE1A2sQ==",
      "license": "Apache-2.0",
      "engines": {
        "node": ">=18.0.0"
      }
    },
    "node_modules/@cspotcode/source-map-support": {
      "version": "0.8.1",
      "resolved": "https://registry.npmjs.org/@cspotcode/source-map-support/-/source-map-support-0.8.1.tgz",
      "integrity": "sha512-IchNf6dN4tHoMFIn/7OE8LWZ19Y6q/67Bmf6vnGREv8RSbBVb9LPJxEcnwrcwX6ixSvaiGoomAUvu4YSxXrVgw==",
      "dev": true,
      "license": "MIT",
      "dependencies": {
        "@jridgewell/trace-mapping": "0.3.9"
      },
      "engines": {
        "node": ">=12"
      }
    },
    "node_modules/@jridgewell/resolve-uri": {
      "version": "3.1.2",
      "resolved": "https://registry.npmjs.org/@jridgewell/resolve-uri/-/resolve-uri-3.1.2.tgz",
      "integrity": "sha512-bRISgCIjP20/tbWSPWMEi54QVPRZExkuD9lJL+UIxUKtwVJA8wW1Trb1jMs1RFXo1CBTNZ/5hpC9QvmKWdopKw==",
      "dev": true,
      "license": "MIT",
      "engines": {
        "node": ">=6.0.0"
      }
    },
    "node_modules/@jridgewell/sourcemap-codec": {
      "version": "1.5.5",
      "resolved": "https://registry.npmjs.org/@jridgewell/sourcemap-codec/-/sourcemap-codec-1.5.5.tgz",
      "integrity": "sha512-cYQ9310grqxueWbl+WuIUIaiUaDcj7WOq5fVhEljNVgRfOUhY9fy2zTvfoqWsnebh8Sl70VScFbICvJnLKB0Og==",
      "dev": true,
      "license": "MIT"
    },
    "node_modules/@jridgewell/trace-mapping": {
      "version": "0.3.9",
      "resolved": "https://registry.npmjs.org/@jridgewell/trace-mapping/-/trace-mapping-0.3.9.tgz",
      "integrity": "sha512-3Belt6tdc8bPgAtbcmdtNJlirVoTmEb5e2gC94PnkwEW9jI6CAHUeoG85tjWP5WquqfavoMtMwiG4P926ZKKuQ==",
      "dev": true,
      "license": "MIT",
      "dependencies": {
        "@jridgewell/resolve-uri": "^3.0.3",
        "@jridgewell/sourcemap-codec": "^1.4.10"
      }
    },
    "node_modules/@smithy/core": {
      "version": "3.33.3",
      "resolved": "https://registry.npmjs.org/@smithy/core/-/core-3.33.3.tgz",
      "integrity": "sha512-CsOeKq/9kA3y6VJHt+/+VTCtBaxJ4OTFpgrjIUhPpDIKxBci1k2bJaQASF2h/ELWrulGp+t97DZ0mevfAD8idg==",
      "license": "Apache-2.0",
      "dependencies": {
        "@smithy/types": "^4.17.2",
        "tslib": "^2.6.2"
      },
      "engines": {
        "node": ">=18.0.0"
      }
    },
    "node_modules/@smithy/credential-provider-imds": {
      "version": "4.5.2",
      "resolved": "https://registry.npmjs.org/@smithy/credential-provider-imds/-/credential-provider-imds-4.5.2.tgz",
      "integrity": "sha512-A9uSdn72ozbRUSit0eib0TW7nXuNPlaeM0zcGkJ+nE6tFcSDbnmtwoxbTCFBukVQcszDAyvsd7+rTduPTXpygg==",
      "license": "Apache-2.0",
      "dependencies": {
        "@smithy/core": "^3.33.2",
        "@smithy/types": "^4.17.2",
        "tslib": "^2.6.2"
      },
      "engines": {
        "node": ">=18.0.0"
      }
    },
    "node_modules/@smithy/fetch-http-handler": {
      "version": "5.8.0",
      "resolved": "https://registry.npmjs.org/@smithy/fetch-http-handler/-/fetch-http-handler-5.8.0.tgz",
      "integrity": "sha512-ycSJu3tFAQ4v04CBB0agqFMVsSQ1iG3yw+SpgxRqKfaURpQD4CZ8Wn0zPMmSnOuTpTh65Vz+EA0rMrw089wvkA==",
      "license": "Apache-2.0",
      "dependencies": {
        "@smithy/core": "^3.33.3",
        "@smithy/types": "^4.18.0",
        "tslib": "^2.6.2"
      },
      "engines": {
        "node": ">=18.0.0"
      }
    },
    "node_modules/@smithy/node-http-handler": {
      "version": "4.12.1",
      "resolved": "https://registry.npmjs.org/@smithy/node-http-handler/-/node-http-handler-4.12.1.tgz",
      "integrity": "sha512-ThMkboGeONWXAelq9FvGsuJC4rOi+qyC4/zhUF58xYpxUg5sQKx2VXZYJmtNjr4dSuBJ1HeJXETQILCz3wOHvw==",
      "license": "Apache-2.0",
      "dependencies": {
        "@smithy/core": "^3.33.3",
        "@smithy/types": "^4.18.0",
        "tslib": "^2.6.2"
      },
      "engines": {
        "node": ">=18.0.0"
      }
    },
    "node_modules/@smithy/signature-v4": {
      "version": "5.7.3",
      "resolved": "https://registry.npmjs.org/@smithy/signature-v4/-/signature-v4-5.7.3.tgz",
      "integrity": "sha512-7ImGm+FkHRLcBaRttIAMZ6bzJZWb2cJGoYjq46F2UjycujWzrL9GEN9h4w7eQyXJYnltrUhxbbieBAIRrdqpow==",
      "license": "Apache-2.0",
      "dependencies": {
        "@smithy/core": "^3.33.3",
        "@smithy/types": "^4.17.2",
        "tslib": "^2.6.2"
      },
      "engines": {
        "node": ">=18.0.0"
      }
    },
    "node_modules/@smithy/types": {
      "version": "4.18.0",
      "resolved": "https://registry.npmjs.org/@smithy/types/-/types-4.18.0.tgz",
      "integrity": "sha512-CgB6HHWer/vrKps24ulRIbpcpb7K4xAU7SkZ7YHzBPlwHsvsrCJFEXK421s+cJzX+ZrqtA/TuU5w1HzI7k9N8A==",
      "license": "Apache-2.0",
      "dependencies": {
        "tslib": "^2.6.2"
      },
      "engines": {
        "node": ">=18.0.0"
      }
    },
    "node_modules/@tsconfig/node-ts": {
      "version": "23.6.1",
      "resolved": "https://registry.npmjs.org/@tsconfig/node-ts/-/node-ts-23.6.1.tgz",
      "integrity": "sha512-1E5cUp+S65pLKKI9VrGMQPWDHxOEq3dAGM2onG3fLeSRwWbylYFwhIjnzJikjSN7w2nCgwxmv8ifvUKDFkK38Q==",
      "dev": true,
      "license": "MIT"
    },
    "node_modules/@tsconfig/node10": {
      "version": "1.0.11",
      "resolved": "https://registry.npmjs.org/@tsconfig/node10/-/node10-1.0.11.tgz",
      "integrity": "sha512-DcRjDCujK/kCk/cUe8Xz8ZSpm8mS3mNNpta+jGCA6USEDfktlNvm1+IuZ9eTcDbNk41BHwpHHeW+N1lKCz4zOw==",
      "dev": true,
      "license": "MIT"
    },
    "node_modules/@tsconfig/node12": {
      "version": "1.0.11",
      "resolved": "https://registry.npmjs.org/@tsconfig/node12/-/node12-1.0.11.tgz",
      "integrity": "sha512-cqefuRsh12pWyGsIoBKJA9luFu3mRxCA+ORZvA4ktLSzIuCUtWVxGIuXigEwO5/ywWFMZ2QEGKWvkZG1zDMTag==",
      "dev": true,
      "license": "MIT"
    },
    "node_modules/@tsconfig/node14": {
      "version": "1.0.3",
      "resolved": "https://registry.npmjs.org/@tsconfig/node14/-/node14-1.0.3.tgz",
      "integrity": "sha512-ysT8mhdixWK6Hw3i1V2AeRqZ5WfXg1G43mqoYlM2nc6388Fq5jcXyr5mRsqViLx/GJYdoL0bfXD8nmF+Zn/Iow==",
      "dev": true,
      "license": "MIT"
    },
    "node_modules/@tsconfig/node16": {
      "version": "1.0.4",
      "resolved": "https://registry.npmjs.org/@tsconfig/node16/-/node16-1.0.4.tgz",
      "integrity": "sha512-vxhUy4J8lyeyinH7Azl1pdd43GJhZH/tP2weN8TntQblOY+A0XbT8DJk1/oCPuOOyg/Ja757rG0CgHcWC8OfMA==",
      "dev": true,
      "license": "MIT"
    },
    "node_modules/@types/async": {
      "version": "3.2.25",
      "resolved": "https://registry.npmjs.org/@types/async/-/async-3.2.25.tgz",
      "integrity": "sha512-O6Th/DI18XjrL9TX8LO9F/g26qAz5vynmQqlXt/qLGrskvzCKXKc5/tATz3G2N6lM8eOf3M8/StB14FncAmocg==",
      "dev": true,
      "license": "MIT"
    },
    "node_modules/@types/aws-lambda": {
      "version": "8.10.163",
      "resolved": "https://registry.npmjs.org/@types/aws-lambda/-/aws-lambda-8.10.163.tgz",
      "integrity": "sha512-+4zuoEB3S8RIhimtOFT7zAEk2SbpwrKjjGl9CyYnQR6k08uynxfauIIB0pDU1ssr05F8oyGiETwpn+8eXZMqPw==",
      "dev": true,
      "license": "MIT"
    },
    "node_modules/@types/lodash": {
      "version": "4.17.20",
      "resolved": "https://registry.npmjs.org/@types/lodash/-/lodash-4.17.20.tgz",
      "integrity": "sha512-H3MHACvFUEiujabxhaI/ImO6gUrd8oOurg7LQtS7mbwIXA/cUqWrvBsaeJ23aZEPk1TAYkurjfMbSELfoCXlGA==",
      "dev": true,
      "license": "MIT"
    },
    "node_modules/@types/lodash-es": {
      "version": "4.17.12",
      "resolved": "https://registry.npmjs.org/@types/lodash-es/-/lodash-es-4.17.12.tgz",
      "integrity": "sha512-0NgftHUcV4v34VhXm8QBSftKVXtbkBG3ViCjs6+eJ5a6y6Mi/jiFGPc1sC7QK+9BFhWrURE3EOggmWaSxL9OzQ==",
      "dev": true,
      "license": "MIT",
      "dependencies": {
        "@types/lodash": "*"
      }
    },
    "node_modules/@types/node": {
      "version": "24.3.0",
      "resolved": "https://registry.npmjs.org/@types/node/-/node-24.3.0.tgz",
      "integrity": "sha512-aPTXCrfwnDLj4VvXrm+UUCQjNEvJgNA8s5F1cvwQU+3KNltTOkBm1j30uNLyqqPNe7gE3KFzImYoZEfLhp4Yow==",
      "dev": true,
      "license": "MIT",
      "dependencies": {
        "undici-types": "~7.10.0"
      }
    },
    "node_modules/@types/xml2js": {
      "version": "0.4.14",
      "resolved": "https://registry.npmjs.org/@types/xml2js/-/xml2js-0.4.14.tgz",
      "integrity": "sha512-4YnrRemBShWRO2QjvUin8ESA41rH+9nQGLUGZV/1IDhi3SL9OhdpNC/MrulTWuptXKwhx/aDxE7toV0f/ypIXQ==",
      "dev": true,
      "dependencies": {
        "@types/node": "*"
      }
    },
    "node_modules/acorn-walk": {
      "version": "8.3.4",
      "resolved": "https://registry.npmjs.org/acorn-walk/-/acorn-walk-8.3.4.tgz",
      "integrity": "sha512-ueEepnujpqee2o5aIYnvHU6C0A42MNdsIDeqy5BydrkuC5R1ZuUFnm27EeFJGoEHJQgn3uleRvmTXaJgfXbt4g==",
      "dev": true,
      "license": "MIT",
      "dependencies": {
        "acorn": "^8.11.0"
      },
      "engines": {
        "node": ">=0.4.0"
      }
    },
    "node_modules/acorn-walk/node_modules/acorn": {
      "version": "8.15.0",
      "resolved": "https://registry.npmjs.org/acorn/-/acorn-8.15.0.tgz",
      "integrity": "sha512-NZyJarBfL7nWwIq+FDL6Zp/yHEhePMNnnJ0y3qfieCrmNvYct8uvtiV41UvlSe6apAfk0fY1FbWx+NwfmpvtTg==",
      "dev": true,
      "license": "MIT",
      "bin": {
        "acorn": "bin/acorn"
      },
      "engines": {
        "node": ">=0.4.0"
      }
    },
    "node_modules/arg": {
      "version": "4.1.3",
      "resolved": "https://registry.npmjs.org/arg/-/arg-4.1.3.tgz",
      "integrity": "sha512-58S9QDqG0Xx27YwPSt9fJxivjYl432YCwfDMfZ+71RAqUrZef7LrKQZ3LHLOwCS4FLNBplP533Zx895SeOCHvA==",
      "dev": true,
      "license": "MIT"
    },
    "node_modules/aws-cdk-lib": {
      "version": "2.268.0",
      "resolved": "https://registry.npmjs.org/aws-cdk-lib/-/aws-cdk-lib-2.268.0.tgz",
      "integrity": "sha512-bm0mWG0xxIJtV0vhkmnFy6TFgwqBowvXeRKudhAsjM0TMOEcyFPBbwjUNlAA6S1+AjUwEt5yaMrT0A/P97lUqg==",
      "bundleDependencies": [
        "@aws/cloudformation-validate",
        "@balena/dockerignore",
        "@aws-cdk/cloud-assembly-api",
        "case",
        "fs-extra",
        "ignore",
        "jsonschema",
        "minimatch",
        "punycode",
        "semver",
        "yaml",
        "mime-types"
      ],
      "dev": true,
      "license": "Apache-2.0",
      "dependencies": {
        "@aws-cdk/asset-awscli-v1": "2.2.292",
        "@aws-cdk/asset-node-proxy-agent-v6": "^2.1.2",
        "@aws-cdk/cloud-assembly-api": "^2.2.6",
        "@aws-cdk/cloud-assembly-schema": "^54.11.0",
        "@aws/cloudformation-validate": "1.8.0-beta",
        "@balena/dockerignore": "^1.0.2",
        "case": "1.6.3",
        "fs-extra": "^11.3.6",
        "ignore": "^5.3.2",
        "jsonschema": "^1.5.0",
        "mime-types": "^2.1.35",
        "minimatch": "^10.2.5",
        "punycode": "^2.3.1",
        "semver": "^7.8.5",
        "yaml": "1.10.3"
      },
      "engines": {
        "node": ">= 20.0.0"
      },
      "peerDependencies": {
        "constructs": "^10.5.0"
      }
    },
    "node_modules/aws-cdk-lib/node_modules/@aws-cdk/cloud-assembly-api": {
      "version": "2.2.6",
      "dev": true,
      "inBundle": true,
      "license": "Apache-2.0",
      "dependencies": {
        "jsonschema": "^1.5.0",
        "semver": "^7.8.4"
      },
      "engines": {
        "node": ">= 18.0.0"
      },
      "peerDependencies": {
        "@aws-cdk/cloud-assembly-schema": ">=54.5.0"
      }
    },
    "node_modules/aws-cdk-lib/node_modules/@aws/cloudformation-validate": {
      "version": "1.8.0-beta",
      "dev": true,
      "inBundle": true,
      "license": "Apache-2.0",
      "engines": {
        "node": ">=20.0.0"
      }
    },
    "node_modules/aws-cdk-lib/node_modules/@balena/dockerignore": {
      "version": "1.0.2",
      "dev": true,
      "inBundle": true,
      "license": "Apache-2.0"
    },
    "node_modules/aws-cdk-lib/node_modules/balanced-match": {
      "version": "4.0.4",
      "dev": true,
      "inBundle": true,
      "license": "MIT",
      "engines": {
        "node": "18 || 20 || >=22"
      }
    },
    "node_modules/aws-cdk-lib/node_modules/brace-expansion": {
      "version": "5.0.9",
      "dev": true,
      "inBundle": true,
      "license": "MIT",
      "dependencies": {
        "balanced-match": "^4.0.2"
      },
      "engines": {
        "node": "20 || >=22"
      }
    },
    "node_modules/aws-cdk-lib/node_modules/case": {
      "version": "1.6.3",
      "dev": true,
      "inBundle": true,
      "license": "(MIT OR GPL-3.0-or-later)",
      "engines": {
        "node": ">= 0.8.0"
      }
    },
    "node_modules/aws-cdk-lib/node_modules/fs-extra": {
      "version": "11.3.6",
      "dev": true,
      "inBundle": true,
      "license": "MIT",
      "dependencies": {
        "graceful-fs": "^4.2.0",
        "jsonfile": "^6.0.1",
        "universalify": "^2.0.0"
      },
      "engines": {
        "node": ">=14.14"
      }
    },
    "node_modules/aws-cdk-lib/node_modules/graceful-fs": {
      "version": "4.2.11",
      "dev": true,
      "inBundle": true,
      "license": "ISC"
    },
    "node_modules/aws-cdk-lib/node_modules/ignore": {
      "version": "5.3.2",
      "dev": true,
      "inBundle": true,
      "license": "MIT",
      "engines": {
        "node": ">= 4"
      }
    },
    "node_modules/aws-cdk-lib/node_modules/jsonfile": {
      "version": "6.2.1",
      "dev": true,
      "inBundle": true,
      "license": "MIT",
      "dependencies": {
        "universalify": "^2.0.0"
      },
      "optionalDependencies": {
        "graceful-fs": "^4.1.6"
      }
    },
    "node_modules/aws-cdk-lib/node_modules/jsonschema": {
      "version": "1.5.0",
      "dev": true,
      "inBundle": true,
      "license": "MIT",
      "engines": {
        "node": "*"
      }
    },
    "node_modules/aws-cdk-lib/node_modules/mime-db": {
      "version": "1.52.0",
      "dev": true,
      "inBundle": true,
      "license": "MIT",
      "engines": {
        "node": ">= 0.6"
      }
    },
    "node_modules/aws-cdk-lib/node_modules/mime-types": {
      "version": "2.1.35",
      "dev": true,
      "inBundle": true,
      "license": "MIT",
      "dependencies": {
        "mime-db": "1.52.0"
      },
      "engines": {
        "node": ">= 0.6"
      }
    },
    "node_modules/aws-cdk-lib/node_modules/minimatch": {
      "version": "10.2.5",
      "dev": true,
      "inBundle": true,
      "license": "BlueOak-1.0.0",
      "dependencies": {
        "brace-expansion": "^5.0.5"
      },
      "engines": {
        "node": "18 || 20 || >=22"
      },
      "funding": {
        "url": "https://github.com/sponsors/isaacs"
      }
    },
    "node_modules/aws-cdk-lib/node_modules/punycode": {
      "version": "2.3.1",
      "dev": true,
      "inBundle": true,
      "license": "MIT",
      "engines": {
        "node": ">=6"
      }
    },
    "node_modules/aws-cdk-lib/node_modules/semver": {
      "version": "7.8.5",
      "dev": true,
      "inBundle": true,
      "license": "ISC",
      "bin": {
        "semver": "bin/semver.js"
      },
      "engines": {
        "node": ">=10"
      }
    },
    "node_modules/aws-cdk-lib/node_modules/universalify": {
      "version": "2.0.1",
      "dev": true,
      "inBundle": true,
      "license": "MIT",
      "engines": {
        "node": ">= 10.0.0"
      }
    },
    "node_modules/aws-cdk-lib/node_modules/yaml": {
      "version": "1.10.3",
      "dev": true,
      "inBundle": true,
      "license": "ISC",
      "engines": {
        "node": ">= 6"
      }
    },
    "node_modules/bowser": {
      "version": "2.13.0",
      "resolved": "https://registry.npmjs.org/bowser/-/bowser-2.13.0.tgz",
      "integrity": "sha512-yHAbSRuT6LTeKi6k2aS40csueHqgAsFEgmrOsfRyFpJnFv5O2hl9FYmWEUZ97gZ/dG17U4IQQcTx4YAFYPuWRQ==",
      "license": "MIT"
    },
    "node_modules/constructs": {
      "version": "10.8.1",
      "resolved": "https://registry.npmjs.org/constructs/-/constructs-10.8.1.tgz",
      "integrity": "sha512-98yGXYyhePqPYh3cYu8nzBERmAhC0DONe3UD03okK0nehZ7hYP4wgZuf02a04+uOWxnTJ5Rpp5m0GRNpwyLGGA==",
      "dev": true,
      "license": "Apache-2.0"
    },
    "node_modules/create-require": {
      "version": "1.1.1",
      "resolved": "https://registry.npmjs.org/create-require/-/create-require-1.1.1.tgz",
      "integrity": "sha512-dcKFX3jn0MpIaXjisoRvexIJVEKzaq7z2rZKxf+MSr9TkdmHmsU4m2lcLojrj/FHl8mk5VxMmYA+ftRkP/3oKQ==",
      "dev": true,
      "license": "MIT"
    },
    "node_modules/diff": {
      "version": "4.0.2",
      "resolved": "https://registry.npmjs.org/diff/-/diff-4.0.2.tgz",
      "integrity": "sha512-58lmxKSA4BNyLz+HHMUzlOEpg09FV+ev6ZMe3vJihgdxzgcwZ8VoEEPmALCZG9LmqfVoNMMKpttIYTVG6uDY7A==",
      "dev": true,
      "license": "BSD-3-Clause",
      "engines": {
        "node": ">=0.3.1"
      }
    },
    "node_modules/extstats-core": {
      "version": "2.0.1",
      "resolved": "file:../../repo/extstats-core-2.0.1.tgz",
      "integrity": "sha512-Lch6ikqjkrkBdn+1uUt4P8P5f18+mgxbSx+WcisO9/ruFxKXOzxNPpI42takttWE0c6i5V6YDT8FtQn1d2mmlg==",
      "license": "ISC",
      "dependencies": {
        "lodash-es": "^4.17.21"
      }
    },
    "node_modules/fast-xml-parser": {
      "version": "5.3.2",
      "resolved": "https://registry.npmjs.org/fast-xml-parser/-/fast-xml-parser-5.3.2.tgz",
      "integrity": "sha512-n8v8b6p4Z1sMgqRmqLJm3awW4NX7NkaKPfb3uJIBTSH7Pdvufi3PQ3/lJLQrvxcMYl7JI2jnDO90siPEpD8JBA==",
      "funding": [
        {
          "type": "github",
          "url": "https://github.com/sponsors/NaturalIntelligence"
        }
      ],
      "license": "MIT",
      "dependencies": {
        "strnum": "^2.1.0"
      },
      "bin": {
        "fxparser": "src/cli/cli.js"
      }
    },
    "node_modules/lodash-es": {
      "version": "4.17.21",
      "resolved": "https://registry.npmjs.org/lodash-es/-/lodash-es-4.17.21.tgz",
      "integrity": "sha512-mKnC+QJ9pWVzv+C4/U3rRsHapFfHvQFoFB92e52xeyGMcX6/OlIl78je1u8vePzYZSkkogMPJ2yjxxsb89cxyw==",
      "license": "MIT"
    },
    "node_modules/make-error": {
      "version": "1.3.6",
      "resolved": "https://registry.npmjs.org/make-error/-/make-error-1.3.6.tgz",
      "integrity": "sha512-s8UhlNe7vPKomQhC1qFelMokr/Sc3AgNbso3n74mVPA5LTZwkB9NlXf4XPamLxJE8h0gh73rM94xvwRT2CVInw==",
      "dev": true
    },
    "node_modules/sax": {
      "version": "1.2.1",
      "resolved": "https://registry.npmjs.org/sax/-/sax-1.2.1.tgz",
      "integrity": "sha512-8I2a3LovHTOpm7NV5yOyO8IHqgVsfK4+UuySrXU8YXkSRX7k6hCV9b3HrkKCr3nMpgj+0bmocaJJWpvp1oc7ZA=="
    },
    "node_modules/strnum": {
      "version": "2.1.1",
      "resolved": "https://registry.npmjs.org/strnum/-/strnum-2.1.1.tgz",
      "integrity": "sha512-7ZvoFTiCnGxBtDqJ//Cu6fWtZtc7Y3x+QOirG15wztbdngGSkht27o2pyGWrVy0b4WAy3jbKmnoK6g5VlVNUUw==",
      "funding": [
        {
          "type": "github",
          "url": "https://github.com/sponsors/NaturalIntelligence"
        }
      ],
      "license": "MIT"
    },
    "node_modules/ts-node": {
      "version": "10.9.2",
      "resolved": "https://registry.npmjs.org/ts-node/-/ts-node-10.9.2.tgz",
      "integrity": "sha512-f0FFpIdcHgn8zcPSbf1dRevwt047YMnaiJM3u2w2RewrB+fob/zePZcrOyQoLMMO7aBIddLcQIEK5dYjkLnGrQ==",
      "dev": true,
      "license": "MIT",
      "dependencies": {
        "@cspotcode/source-map-support": "^0.8.0",
        "@tsconfig/node10": "^1.0.7",
        "@tsconfig/node12": "^1.0.7",
        "@tsconfig/node14": "^1.0.0",
        "@tsconfig/node16": "^1.0.2",
        "acorn": "^8.4.1",
        "acorn-walk": "^8.1.1",
        "arg": "^4.1.0",
        "create-require": "^1.1.0",
        "diff": "^4.0.1",
        "make-error": "^1.1.1",
        "v8-compile-cache-lib": "^3.0.1",
        "yn": "3.1.1"
      },
      "bin": {
        "ts-node": "dist/bin.js",
        "ts-node-cwd": "dist/bin-cwd.js",
        "ts-node-esm": "dist/bin-esm.js",
        "ts-node-script": "dist/bin-script.js",
        "ts-node-transpile-only": "dist/bin-transpile.js",
        "ts-script": "dist/bin-script-deprecated.js"
      },
      "peerDependencies": {
        "@swc/core": ">=1.2.50",
        "@swc/wasm": ">=1.2.50",
        "@types/node": "*",
        "typescript": ">=2.7"
      },
      "peerDependenciesMeta": {
        "@swc/core": {
          "optional": true
        },
        "@swc/wasm": {
          "optional": true
        }
      }
    },
    "node_modules/ts-node/node_modules/acorn": {
      "version": "8.15.0",
      "resolved": "https://registry.npmjs.org/acorn/-/acorn-8.15.0.tgz",
      "integrity": "sha512-NZyJarBfL7nWwIq+FDL6Zp/yHEhePMNnnJ0y3qfieCrmNvYct8uvtiV41UvlSe6apAfk0fY1FbWx+NwfmpvtTg==",
      "dev": true,
      "license": "MIT",
      "bin": {
        "acorn": "bin/acorn"
      },
      "engines": {
        "node": ">=0.4.0"
      }
    },
    "node_modules/tslib": {
      "version": "2.8.1",
      "resolved": "https://registry.npmjs.org/tslib/-/tslib-2.8.1.tgz",
      "integrity": "sha512-oJFu94HQb+KVduSUQL7wnpmqnfmLsOA/nAh6b6EH0wCEoK0/mPeXU6c3wKDV83MkOuHPRHtSXKKU99IBazS/2w==",
      "license": "0BSD"
    },
    "node_modules/typescript": {
      "version": "5.9.2",
      "resolved": "https://registry.npmjs.org/typescript/-/typescript-5.9.2.tgz",
      "integrity": "sha512-CWBzXQrc/qOkhidw1OzBTQuYRbfyxDXJMVJ1XNwUHGROVmuaeiEm3OslpZ1RV96d7SKKjZKrSJu3+t/xlw3R9A==",
      "dev": true,
      "license": "Apache-2.0",
      "bin": {
        "tsc": "bin/tsc",
        "tsserver": "bin/tsserver"
      },
      "engines": {
        "node": ">=14.17"
      }
    },
    "node_modules/undici-types": {
      "version": "7.10.0",
      "resolved": "https://registry.npmjs.org/undici-types/-/undici-types-7.10.0.tgz",
      "integrity": "sha512-t5Fy/nfn+14LuOc2KNYg75vZqClpAiqscVvMygNnlsHBFpSXdJaYtXMcdNLpl/Qvc3P2cB3s6lOV51nqsFq4ag==",
      "dev": true,
      "license": "MIT"
    },
    "node_modules/v8-compile-cache-lib": {
      "version": "3.0.1",
      "resolved": "https://registry.npmjs.org/v8-compile-cache-lib/-/v8-compile-cache-lib-3.0.1.tgz",
      "integrity": "sha512-wa7YjyUGfNZngI/vtK0UHAN+lgDCxBPCylVXGp0zu59Fz5aiGtNXaq3DhIov063MorB+VfufLh3JlF2KdTK3xg==",
      "dev": true,
      "license": "MIT"
    },
    "node_modules/xml2js": {
      "version": "0.6.2",
      "resolved": "https://registry.npmjs.org/xml2js/-/xml2js-0.6.2.tgz",
      "integrity": "sha512-T4rieHaC1EXcES0Kxxj4JWgaUQHDk+qwHcYOCFHfiwKz7tOVPLq7Hjq9dM1WCMhylqMEfP7hMcOIChvotiZegA==",
      "license": "MIT",
      "dependencies": {
        "sax": ">=0.6.0",
        "xmlbuilder": "~11.0.0"
      },
      "engines": {
        "node": ">=4.0.0"
      }
    },
    "node_modules/xml2js-es6-promise": {
      "version": "1.1.1",
      "resolved": "https://registry.npmjs.org/xml2js-es6-promise/-/xml2js-es6-promise-1.1.1.tgz",
      "integrity": "sha512-WsQg3W1v0k37TS9ECE7dC0SsM9ZQFY+L3A5Hn1MPVxp0zNnB9iUbYsPv+JgBSFxq22BR/f6u1SMChPnMxahW+A==",
      "deprecated": "Use xml2js.parseStringPromise(data /*, options */) from the xml2js package instead. https://www.npmjs.com/package/xml2js#promise-usage",
      "dependencies": {
        "xml2js": "^0.4.16"
      }
    },
    "node_modules/xml2js-es6-promise/node_modules/xml2js": {
      "version": "0.4.23",
      "resolved": "https://registry.npmjs.org/xml2js/-/xml2js-0.4.23.tgz",
      "integrity": "sha512-ySPiMjM0+pLDftHgXY4By0uswI3SPKLDw/i3UXbnO8M/p28zqexCUoPmQFrYD+/1BzhGJSs2i1ERWKJAtiLrug==",
      "license": "MIT",
      "dependencies": {
        "sax": ">=0.6.0",
        "xmlbuilder": "~11.0.0"
      },
      "engines": {
        "node": ">=4.0.0"
      }
    },
    "node_modules/xmlbuilder": {
      "version": "11.0.1",
      "resolved": "https://registry.npmjs.org/xmlbuilder/-/xmlbuilder-11.0.1.tgz",
      "integrity": "sha512-fDlsI/kFEx7gLvbecc0/ohLG50fugQp8ryHzMTuW9vSa1GJ0XYWKnhsUx7oie3G98+r56aTQIUB4kht42R3JvA==",
      "engines": {
        "node": ">=4.0"
      }
    },
    "node_modules/yn": {
      "version": "3.1.1",
      "resolved": "https://registry.npmjs.org/yn/-/yn-3.1.1.tgz",
      "integrity": "sha512-Ux4ygGWsu2c7isFWe8Yu1YluJmqVhxqK2cLXNQA5AcC3QfbGNpM7fu0Y8b/z16pXLnFxZYvWhd3fhBY9DLmC6Q==",
      "dev": true,
      "license": "MIT",
      "engines": {
        "node": ">=6"
      }
    }
  }
}
