{
  "name": "extstats-api",
  "version": "1.3.2",
  "lockfileVersion": 3,
  "requires": true,
  "packages": {
    "": {
      "name": "extstats-api",
      "version": "1.3.2",
      "license": "ISC",
      "dependencies": {
        "extstats-core": "file:/home/john/projects/repo/extstats-core-1.34.1.tgz"
      }
    },
    "node_modules/extstats-core": {
      "version": "1.34.1",
      "resolved": "file:../../../repo/extstats-core-1.34.1.tgz",
      "integrity": "sha512-IJeF77Bop5K5h6O8iZvuzbIhGuGRO+RzqONmRNrQn4jmaC9L+Y0lCfgNxcr4DNoAabTpGFBN+HJReAg+2JPUwQ==",
      "license": "ISC",
      "dependencies": {
        "lodash-es": "^4.17.21"
      }
    },
    "node_modules/lodash-es": {
      "version": "4.17.21",
      "resolved": "https://registry.npmjs.org/lodash-es/-/lodash-es-4.17.21.tgz",
      "integrity": "sha512-mKnC+QJ9pWVzv+C4/U3rRsHapFfHvQFoFB92e52xeyGMcX6/OlIl78je1u8vePzYZSkkogMPJ2yjxxsb89cxyw==",
      "license": "MIT"
    }
  }
}
