{
  "name": "extstats-api",
  "version": "1.2.0",
  "lockfileVersion": 3,
  "requires": true,
  "packages": {
    "": {
      "name": "extstats-api",
      "version": "1.2.0",
      "license": "ISC",
      "dependencies": {
        "extstats-core": "file:../../../repo/extstats-core-1.32.0.tgz"
      }
    },
    "node_modules/extstats-core": {
      "version": "1.32.0",
      "resolved": "file:../../../repo/extstats-core-1.32.0.tgz",
      "integrity": "sha512-HazHiIk383+c+srBP0j8OStO0hCAfeVKmaKCnX+D/5iiPfagm7FiRxjhyNqMXnmiJKZ0TeR583xbhlhUSdwRdA==",
      "license": "ISC",
      "dependencies": {
        "lodash-es": "^4.17.21"
      }
    },
    "node_modules/lodash-es": {
      "version": "4.17.21",
      "resolved": "https://registry.npmjs.org/lodash-es/-/lodash-es-4.17.21.tgz",
      "integrity": "sha512-mKnC+QJ9pWVzv+C4/U3rRsHapFfHvQFoFB92e52xeyGMcX6/OlIl78je1u8vePzYZSkkogMPJ2yjxxsb89cxyw==",
      "license": "MIT"
    }
  }
}
